
Microsoft Visual Studio Solution File, Format Version 12.00
# Visual Studio 15
VisualStudioVersion = 15.0.27703.2042
MinimumVisualStudioVersion = 10.0.40219.1
Project("{FAE04EC0-301F-11D3-BF4B-00C04F79EFBC}") = "ScheduleAPI", "ScheduleAPI\ScheduleAPI.csproj", "{250ADA9C-BDEB-4B70-9264-A9B18FBED2A2}"
EndProject
Project("{FAE04EC0-301F-11D3-BF4B-00C04F79EFBC}") = "AppointmentDataAccess", "AppointmentDataAccess\AppointmentDataAccess.csproj", "{5529469A-195E-42C2-BD8D-06771B1975FB}"
EndProject
Project("{FAE04EC0-301F-11D3-BF4B-00C04F79EFBC}") = "AppointmentInterface", "AppointmentInterface\AppointmentInterface.csproj", "{2961AAF7-8962-4696-96EB-21A41532929C}"
EndProject
Global
	GlobalSection(SolutionConfigurationPlatforms) = preSolution
		Debug|Any CPU = Debug|Any CPU
		Release|Any CPU = Release|Any CPU
	EndGlobalSection
	GlobalSection(ProjectConfigurationPlatforms) = postSolution
		{250ADA9C-BDEB-4B70-9264-A9B18FBED2A2}.Debug|Any CPU.ActiveCfg = Debug|Any CPU
		{250ADA9C-BDEB-4B70-9264-A9B18FBED2A2}.Debug|Any CPU.Build.0 = Debug|Any CPU
		{250ADA9C-BDEB-4B70-9264-A9B18FBED2A2}.Release|Any CPU.ActiveCfg = Release|Any CPU
		{250ADA9C-BDEB-4B70-9264-A9B18FBED2A2}.Release|Any CPU.Build.0 = Release|Any CPU
		{5529469A-195E-42C2-BD8D-06771B1975FB}.Debug|Any CPU.ActiveCfg = Debug|Any CPU
		{5529469A-195E-42C2-BD8D-06771B1975FB}.Debug|Any CPU.Build.0 = Debug|Any CPU
		{5529469A-195E-42C2-BD8D-06771B1975FB}.Release|Any CPU.ActiveCfg = Release|Any CPU
		{5529469A-195E-42C2-BD8D-06771B1975FB}.Release|Any CPU.Build.0 = Release|Any CPU
		{2961AAF7-8962-4696-96EB-21A41532929C}.Debug|Any CPU.ActiveCfg = Debug|Any CPU
		{2961AAF7-8962-4696-96EB-21A41532929C}.Debug|Any CPU.Build.0 = Debug|Any CPU
		{2961AAF7-8962-4696-96EB-21A41532929C}.Release|Any CPU.ActiveCfg = Release|Any CPU
		{2961AAF7-8962-4696-96EB-21A41532929C}.Release|Any CPU.Build.0 = Release|Any CPU
	EndGlobalSection
	GlobalSection(SolutionProperties) = preSolution
		HideSolutionNode = FALSE
	EndGlobalSection
	GlobalSection(ExtensibilityGlobals) = postSolution
		SolutionGuid = {5B170F6E-66C2-455F-A37D-E8272CD236A1}
	EndGlobalSection
EndGlobal
